
Microsoft Visual Studio Solution File, Format Version 12.00
# Visual Studio Version 16
VisualStudioVersion = 16.0.29728.190
MinimumVisualStudioVersion = 10.0.40219.1
Project("{FAE04EC0-301F-11D3-BF4B-00C04F79EFBC}") = "CreaBloc2", "CreaBloc2\CreaBloc2.csproj", "{500A2688-FFC4-4E3F-AF60-788867DA5ACE}"
EndProject
Global
	GlobalSection(SolutionConfigurationPlatforms) = preSolution
		Debug|Any CPU = Debug|Any CPU
		Release|Any CPU = Release|Any CPU
	EndGlobalSection
	GlobalSection(ProjectConfigurationPlatforms) = postSolution
		{500A2688-FFC4-4E3F-AF60-788867DA5ACE}.Debug|Any CPU.ActiveCfg = Debug|Any CPU
		{500A2688-FFC4-4E3F-AF60-788867DA5ACE}.Debug|Any CPU.Build.0 = Debug|Any CPU
		{500A2688-FFC4-4E3F-AF60-788867DA5ACE}.Release|Any CPU.ActiveCfg = Release|Any CPU
		{500A2688-FFC4-4E3F-AF60-788867DA5ACE}.Release|Any CPU.Build.0 = Release|Any CPU
	EndGlobalSection
	GlobalSection(SolutionProperties) = preSolution
		HideSolutionNode = FALSE
	EndGlobalSection
	GlobalSection(ExtensibilityGlobals) = postSolution
		SolutionGuid = {86D4953B-C0AC-452E-B317-A8B352431718}
	EndGlobalSection
EndGlobal
